
Microsoft Visual Studio Solution File, Format Version 12.00
# Visual Studio Version 17
VisualStudioVersion = 17.0.31903.59
MinimumVisualStudioVersion = 10.0.40219.1
Project("{F2A71F9B-5D33-465A-A702-920D77279786}") = "mini-ml", "mini-ml\mini-ml.fsproj", "{8AFA13D9-AD62-47B7-9150-090F2AF98D71}"
EndProject
Project("{F2A71F9B-5D33-465A-A702-920D77279786}") = "ml-tests", "ml-tests\ml-tests.fsproj", "{F4FBD699-0FD6-4EAF-9A92-2A743FEA5C67}"
EndProject
Global
	GlobalSection(SolutionProperties) = preSolution
		HideSolutionNode = FALSE
	EndGlobalSection
	GlobalSection(SolutionConfigurationPlatforms) = preSolution
		Debug|Any CPU = Debug|Any CPU
		Debug|x64 = Debug|x64
		Debug|x86 = Debug|x86
		Release|Any CPU = Release|Any CPU
		Release|x64 = Release|x64
		Release|x86 = Release|x86
	EndGlobalSection
	GlobalSection(ProjectConfigurationPlatforms) = postSolution
		{8AFA13D9-AD62-47B7-9150-090F2AF98D71}.Debug|Any CPU.ActiveCfg = Debug|Any CPU
		{8AFA13D9-AD62-47B7-9150-090F2AF98D71}.Debug|Any CPU.Build.0 = Debug|Any CPU
		{8AFA13D9-AD62-47B7-9150-090F2AF98D71}.Debug|x64.ActiveCfg = Debug|Any CPU
		{8AFA13D9-AD62-47B7-9150-090F2AF98D71}.Debug|x64.Build.0 = Debug|Any CPU
		{8AFA13D9-AD62-47B7-9150-090F2AF98D71}.Debug|x86.ActiveCfg = Debug|Any CPU
		{8AFA13D9-AD62-47B7-9150-090F2AF98D71}.Debug|x86.Build.0 = Debug|Any CPU
		{8AFA13D9-AD62-47B7-9150-090F2AF98D71}.Release|Any CPU.ActiveCfg = Release|Any CPU
		{8AFA13D9-AD62-47B7-9150-090F2AF98D71}.Release|Any CPU.Build.0 = Release|Any CPU
		{8AFA13D9-AD62-47B7-9150-090F2AF98D71}.Release|x64.ActiveCfg = Release|Any CPU
		{8AFA13D9-AD62-47B7-9150-090F2AF98D71}.Release|x64.Build.0 = Release|Any CPU
		{8AFA13D9-AD62-47B7-9150-090F2AF98D71}.Release|x86.ActiveCfg = Release|Any CPU
		{8AFA13D9-AD62-47B7-9150-090F2AF98D71}.Release|x86.Build.0 = Release|Any CPU
		{F4FBD699-0FD6-4EAF-9A92-2A743FEA5C67}.Debug|Any CPU.ActiveCfg = Debug|Any CPU
		{F4FBD699-0FD6-4EAF-9A92-2A743FEA5C67}.Debug|Any CPU.Build.0 = Debug|Any CPU
		{F4FBD699-0FD6-4EAF-9A92-2A743FEA5C67}.Debug|x64.ActiveCfg = Debug|Any CPU
		{F4FBD699-0FD6-4EAF-9A92-2A743FEA5C67}.Debug|x64.Build.0 = Debug|Any CPU
		{F4FBD699-0FD6-4EAF-9A92-2A743FEA5C67}.Debug|x86.ActiveCfg = Debug|Any CPU
		{F4FBD699-0FD6-4EAF-9A92-2A743FEA5C67}.Debug|x86.Build.0 = Debug|Any CPU
		{F4FBD699-0FD6-4EAF-9A92-2A743FEA5C67}.Release|Any CPU.ActiveCfg = Release|Any CPU
		{F4FBD699-0FD6-4EAF-9A92-2A743FEA5C67}.Release|Any CPU.Build.0 = Release|Any CPU
		{F4FBD699-0FD6-4EAF-9A92-2A743FEA5C67}.Release|x64.ActiveCfg = Release|Any CPU
		{F4FBD699-0FD6-4EAF-9A92-2A743FEA5C67}.Release|x64.Build.0 = Release|Any CPU
		{F4FBD699-0FD6-4EAF-9A92-2A743FEA5C67}.Release|x86.ActiveCfg = Release|Any CPU
		{F4FBD699-0FD6-4EAF-9A92-2A743FEA5C67}.Release|x86.Build.0 = Release|Any CPU
	EndGlobalSection
EndGlobal
